
Microsoft Visual Studio Solution File, Format Version 12.00
# Visual Studio Version 17
VisualStudioVersion = 17.5.002.0
MinimumVisualStudioVersion = 10.0.40219.1
Project("{9A19103F-16F7-4668-BE54-9A1E7A4F7556}") = "DezSegundos", "DezSegundos.csproj", "{B97B5A0C-89B2-483E-B8D9-088D967D360A}"
EndProject
Global
	GlobalSection(SolutionConfigurationPlatforms) = preSolution
		Debug|Any CPU = Debug|Any CPU
		Release|Any CPU = Release|Any CPU
	EndGlobalSection
	GlobalSection(ProjectConfigurationPlatforms) = postSolution
		{B97B5A0C-89B2-483E-B8D9-088D967D360A}.Debug|Any CPU.ActiveCfg = Debug|Any CPU
		{B97B5A0C-89B2-483E-B8D9-088D967D360A}.Debug|Any CPU.Build.0 = Debug|Any CPU
		{B97B5A0C-89B2-483E-B8D9-088D967D360A}.Release|Any CPU.ActiveCfg = Release|Any CPU
		{B97B5A0C-89B2-483E-B8D9-088D967D360A}.Release|Any CPU.Build.0 = Release|Any CPU
	EndGlobalSection
	GlobalSection(SolutionProperties) = preSolution
		HideSolutionNode = FALSE
	EndGlobalSection
	GlobalSection(ExtensibilityGlobals) = postSolution
		SolutionGuid = {A95A9BD1-0485-4850-8316-43EF75D493D6}
	EndGlobalSection
EndGlobal
